// !$*UTF8*$!
{
	archiveVersion = 1;
	classes = {
	};
	objectVersion = 46;
	objects = {

/* Begin PBXBuildFile section */
		CCF0B7F11CB89689008B30E9 /* main.m in Sources */ = {isa = PBXBuildFile; fileRef = CCF0B7F01CB89689008B30E9 /* main.m */; };
		CCF0B7F91CB896A1008B30E9 /* Person.m in Sources */ = {isa = PBXBuildFile; fileRef = CCF0B7F81CB896A1008B30E9 /* Person.m */; };
		CCF0B7FC1CB896A8008B30E9 /* Dog.m in Sources */ = {isa = PBXBuildFile; fileRef = CCF0B7FB1CB896A8008B30E9 /* Dog.m */; };
		CCF0B7FF1CB89885008B30E9 /* Student.m in Sources */ = {isa = PBXBuildFile; fileRef = CCF0B7FE1CB89885008B30E9 /* Student.m */; };
/* End PBXBuildFile section */

/* Begin PBXCopyFilesBuildPhase section */
		CCF0B7EB1CB89689008B30E9 /* CopyFiles */ = {
			isa = PBXCopyFilesBuildPhase;
			buildActionMask = 2147483647;
			dstPath = /usr/share/man/man1/;
			dstSubfolderSpec = 0;
			files = (
			);
			runOnlyForDeploymentPostprocessing = 1;
		};
/* End PBXCopyFilesBuildPhase section */

/* Begin PBXFileReference section */
		CCF0B7ED1CB89689008B30E9 /* OC-多态+id类型 */ = {isa = PBXFileReference; explicitFileType = "compiled.mach-o.executable"; includeInIndex = 0; path = "OC-多态+id类型"; sourceTree = BUILT_PRODUCTS_DIR; };
		CCF0B7F01CB89689008B30E9 /* main.m */ = {isa = PBXFileReference; lastKnownFileType = sourcecode.c.objc; path = main.m; sourceTree = "<group>"; };
		CCF0B7F71CB896A1008B30E9 /* Person.h */ = {isa = PBXFileReference; fileEncoding = 4; lastKnownFileType = sourcecode.c.h; path = Person.h; sourceTree = "<group>"; };
		CCF0B7F81CB896A1008B30E9 /* Person.m */ = {isa = PBXFileReference; fileEncoding = 4; lastKnownFileType = sourcecode.c.objc; path = Person.m; sourceTree = "<group>"; };
		CCF0B7FA1CB896A8008B30E9 /* Dog.h */ = {isa = PBXFileReference; fileEncoding = 4; lastKnownFileType = sourcecode.c.h; path = Dog.h; sourceTree = "<group>"; };
		CCF0B7FB1CB896A8008B30E9 /* Dog.m */ = {isa = PBXFileReference; fileEncoding = 4; lastKnownFileType = sourcecode.c.objc; path = Dog.m; sourceTree = "<group>"; };
		CCF0B7FD1CB89885008B30E9 /* Student.h */ = {isa = PBXFileReference; fileEncoding = 4; lastKnownFileType = sourcecode.c.h; path = Student.h; sourceTree = "<group>"; };
		CCF0B7FE1CB89885008B30E9 /* Student.m */ = {isa = PBXFileReference; fileEncoding = 4; lastKnownFileType = sourcecode.c.objc; path = Student.m; sourceTree = "<group>"; };
/* End PBXFileReference section */

/* Begin PBXFrameworksBuildPhase section */
		CCF0B7EA1CB89689008B30E9 /* Frameworks */ = {
			isa = PBXFrameworksBuildPhase;
			buildActionMask = 2147483647;
			files = (
			);
			runOnlyForDeploymentPostprocessing = 0;
		};
/* End PBXFrameworksBuildPhase section */

/* Begin PBXGroup section */
		CCF0B7E41CB89689008B30E9 = {
			isa = PBXGroup;
			children = (
				CCF0B7EF1CB89689008B30E9 /* OC-多态+id类型 */,
				CCF0B7EE1CB89689008B30E9 /* Products */,
			);
			sourceTree = "<group>";
		};
		CCF0B7EE1CB89689008B30E9 /* Products */ = {
			isa = PBXGroup;
			children = (
				CCF0B7ED1CB89689008B30E9 /* OC-多态+id类型 */,
			);
			name = Products;
			sourceTree = "<group>";
		};
		CCF0B7EF1CB89689008B30E9 /* OC-多态+id类型 */ = {
			isa = PBXGroup;
			children = (
				CCF0B7F01CB89689008B30E9 /* main.m */,
				CCF0B7F71CB896A1008B30E9 /* Person.h */,
				CCF0B7F81CB896A1008B30E9 /* Person.m */,
				CCF0B7FA1CB896A8008B30E9 /* Dog.h */,
				CCF0B7FB1CB896A8008B30E9 /* Dog.m */,
				CCF0B7FD1CB89885008B30E9 /* Student.h */,
				CCF0B7FE1CB89885008B30E9 /* Student.m */,
			);
			path = "OC-多态+id类型";
			sourceTree = "<group>";
		};
/* End PBXGroup section */

/* Begin PBXNativeTarget section */
		CCF0B7EC1CB89689008B30E9 /* OC-多态+id类型 */ = {
			isa = PBXNativeTarget;
			buildConfigurationList = CCF0B7F41CB89689008B30E9 /* Build configuration list for PBXNativeTarget "OC-多态+id类型" */;
			buildPhases = (
				CCF0B7E91CB89689008B30E9 /* Sources */,
				CCF0B7EA1CB89689008B30E9 /* Frameworks */,
				CCF0B7EB1CB89689008B30E9 /* CopyFiles */,
			);
			buildRules = (
			);
			dependencies = (
			);
			name = "OC-多态+id类型";
			productName = "OC-多态+id类型";
			productReference = CCF0B7ED1CB89689008B30E9 /* OC-多态+id类型 */;
			productType = "com.apple.product-type.tool";
		};
/* End PBXNativeTarget section */

/* Begin PBXProject section */
		CCF0B7E51CB89689008B30E9 /* Project object */ = {
			isa = PBXProject;
			attributes = {
				LastUpgradeCheck = 0710;
				ORGANIZATIONNAME = qingyun;
				TargetAttributes = {
					CCF0B7EC1CB89689008B30E9 = {
						CreatedOnToolsVersion = 7.1.1;
					};
				};
			};
			buildConfigurationList = CCF0B7E81CB89689008B30E9 /* Build configuration list for PBXProject "OC-多态+id类型" */;
			compatibilityVersion = "Xcode 3.2";
			developmentRegion = English;
			hasScannedForEncodings = 0;
			knownRegions = (
				en,
			);
			mainGroup = CCF0B7E41CB89689008B30E9;
			productRefGroup = CCF0B7EE1CB89689008B30E9 /* Products */;
			projectDirPath = "";
			projectRoot = "";
			targets = (
				CCF0B7EC1CB89689008B30E9 /* OC-多态+id类型 */,
			);
		};
/* End PBXProject section */

/* Begin PBXSourcesBuildPhase section */
		CCF0B7E91CB89689008B30E9 /* Sources */ = {
			isa = PBXSourcesBuildPhase;
			buildActionMask = 2147483647;
			files = (
				CCF0B7FC1CB896A8008B30E9 /* Dog.m in Sources */,
				CCF0B7F91CB896A1008B30E9 /* Person.m in Sources */,
				CCF0B7F11CB89689008B30E9 /* main.m in Sources */,
				CCF0B7FF1CB89885008B30E9 /* Student.m in Sources */,
			);
			runOnlyForDeploymentPostprocessing = 0;
		};
/* End PBXSourcesBuildPhase section */

/* Begin XCBuildConfiguration section */
		CCF0B7F21CB89689008B30E9 /* Debug */ = {
			isa = XCBuildConfiguration;
			buildSettings = {
				ALWAYS_SEARCH_USER_PATHS = NO;
				CLANG_CXX_LANGUAGE_STANDARD = "gnu++0x";
				CLANG_CXX_LIBRARY = "libc++";
				CLANG_ENABLE_MODULES = YES;
				CLANG_ENABLE_OBJC_ARC = YES;
				CLANG_WARN_BOOL_CONVERSION = YES;
				CLANG_WARN_CONSTANT_CONVERSION = YES;
				CLANG_WARN_DIRECT_OBJC_ISA_USAGE = YES_ERROR;
				CLANG_WARN_EMPTY_BODY = YES;
				CLANG_WARN_ENUM_CONVERSION = YES;
				CLANG_WARN_INT_CONVERSION = YES;
				CLANG_WARN_OBJC_ROOT_CLASS = YES_ERROR;
				CLANG_WARN_UNREACHABLE_CODE = YES;
				CLANG_WARN__DUPLICATE_METHOD_MATCH = YES;
				CODE_SIGN_IDENTITY = "-";
				COPY_PHASE_STRIP = NO;
				DEBUG_INFORMATION_FORMAT = dwarf;
				ENABLE_STRICT_OBJC_MSGSEND = YES;
				ENABLE_TESTABILITY = YES;
				GCC_C_LANGUAGE_STANDARD = gnu99;
				GCC_DYNAMIC_NO_PIC = NO;
				GCC_NO_COMMON_BLOCKS = YES;
				GCC_OPTIMIZATION_LEVEL = 0;
				GCC_PREPROCESSOR_DEFINITIONS = (
					"DEBUG=1",
					"$(inherited)",
				);
				GCC_WARN_64_TO_32_BIT_CONVERSION = YES;
				GCC_WARN_ABOUT_RETURN_TYPE = YES_ERROR;
				GCC_WARN_UNDECLARED_SELECTOR = YES;
				GCC_WARN_UNINITIALIZED_AUTOS = YES_AGGRESSIVE;
				GCC_WARN_UNUSED_FUNCTION = YES;
				GCC_WARN_UNUSED_VARIABLE = YES;
				MACOSX_DEPLOYMENT_TARGET = 10.11;
				MTL_ENABLE_DEBUG_INFO = YES;
				ONLY_ACTIVE_ARCH = YES;
				SDKROOT = macosx;
			};
			name = Debug;
		};
		CCF0B7F31CB89689008B30E9 /* Release */ = {
			isa = XCBuildConfiguration;
			buildSettings = {
				ALWAYS_SEARCH_USER_PATHS = NO;
				CLANG_CXX_LANGUAGE_STANDARD = "gnu++0x";
				CLANG_CXX_LIBRARY = "libc++";
				CLANG_ENABLE_MODULES = YES;
				CLANG_ENABLE_OBJC_ARC = YES;
				CLANG_WARN_BOOL_CONVERSION = YES;
				CLANG_WARN_CONSTANT_CONVERSION = YES;
				CLANG_WARN_DIRECT_OBJC_ISA_USAGE = YES_ERROR;
				CLANG_WARN_EMPTY_BODY = YES;
				CLANG_WARN_ENUM_CONVERSION = YES;
				CLANG_WARN_INT_CONVERSION = YES;
				CLANG_WARN_OBJC_ROOT_CLASS = YES_ERROR;
				CLANG_WARN_UNREACHABLE_CODE = YES;
				CLANG_WARN__DUPLICATE_METHOD_MATCH = YES;
				CODE_SIGN_IDENTITY = "-";
				COPY_PHASE_STRIP = NO;
				DEBUG_INFORMATION_FORMAT = "dwarf-with-dsym";
				ENABLE_NS_ASSERTIONS = NO;
				ENABLE_STRICT_OBJC_MSGSEND = YES;
				GCC_C_LANGUAGE_STANDARD = gnu99;
				GCC_NO_COMMON_BLOCKS = YES;
				GCC_WARN_64_TO_32_BIT_CONVERSION = YES;
				GCC_WARN_ABOUT_RETURN_TYPE = YES_ERROR;
				GCC_WARN_UNDECLARED_SELECTOR = YES;
				GCC_WARN_UNINITIALIZED_AUTOS = YES_AGGRESSIVE;
				GCC_WARN_UNUSED_FUNCTION = YES;
				GCC_WARN_UNUSED_VARIABLE = YES;
				MACOSX_DEPLOYMENT_TARGET = 10.11;
				MTL_ENABLE_DEBUG_INFO = NO;
				SDKROOT = macosx;
			};
			name = Release;
		};
		CCF0B7F51CB89689008B30E9 /* Debug */ = {
			isa = XCBuildConfiguration;
			buildSettings = {
				PRODUCT_NAME = "$(TARGET_NAME)";
			};
			name = Debug;
		};
		CCF0B7F61CB89689008B30E9 /* Release */ = {
			isa = XCBuildConfiguration;
			buildSettings = {
				PRODUCT_NAME = "$(TARGET_NAME)";
			};
			name = Release;
		};
/* End XCBuildConfiguration section */

/* Begin XCConfigurationList section */
		CCF0B7E81CB89689008B30E9 /* Build configuration list for PBXProject "OC-多态+id类型" */ = {
			isa = XCConfigurationList;
			buildConfigurations = (
				CCF0B7F21CB89689008B30E9 /* Debug */,
				CCF0B7F31CB89689008B30E9 /* Release */,
			);
			defaultConfigurationIsVisible = 0;
			defaultConfigurationName = Release;
		};
		CCF0B7F41CB89689008B30E9 /* Build configuration list for PBXNativeTarget "OC-多态+id类型" */ = {
			isa = XCConfigurationList;
			buildConfigurations = (
				CCF0B7F51CB89689008B30E9 /* Debug */,
				CCF0B7F61CB89689008B30E9 /* Release */,
			);
			defaultConfigurationIsVisible = 0;
			defaultConfigurationName = Release;
		};
/* End XCConfigurationList section */
	};
	rootObject = CCF0B7E51CB89689008B30E9 /* Project object */;
}
